
Microsoft Visual Studio Solution File, Format Version 12.00
# Visual Studio Version 17
VisualStudioVersion = 17.0.31512.422
MinimumVisualStudioVersion = 10.0.40219.1
Project("{2150E333-8FDC-42A3-9474-1A3956D46DE8}") = "Solution Items", "Solution Items", "{92CC9B7C-87D8-48BC-A407-226D744B125D}"
	ProjectSection(SolutionItems) = preProject
		README.md = README.md
	EndProjectSection
EndProject
Project("{9A19103F-16F7-4668-BE54-9A1E7A4F7556}") = "Myxy.NET.Portal", "src\Myxy.NET.Portal\Myxy.NET.Portal.csproj", "{3B6B7011-9E0F-47E4-9BD7-5AB5DB898EA1}"
EndProject
Project("{9A19103F-16F7-4668-BE54-9A1E7A4F7556}") = "Myxy.NET.WebApi", "src\Myxy.NET.WebApi\Myxy.NET.WebApi.csproj", "{6C0B7E79-EEBD-41B6-8F77-D6D3600E197C}"
EndProject
Project("{9A19103F-16F7-4668-BE54-9A1E7A4F7556}") = "Myxy.NET.ConsoleApp", "src\Myxy.NET.ConsoleApp\Myxy.NET.ConsoleApp.csproj", "{731394FF-FCF9-4465-98C3-AE8C913173D5}"
EndProject
Project("{9A19103F-16F7-4668-BE54-9A1E7A4F7556}") = "Myxy.NET.IDS4", "src\Myxy.NET.IDS4\Myxy.NET.IDS4.csproj", "{2F35218A-8C69-4F2C-9524-E5A4884A02D3}"
EndProject
Project("{9A19103F-16F7-4668-BE54-9A1E7A4F7556}") = "Myxy.NET.IDS4.Tester", "src\Myxy.NET.IDS4.Tester\Myxy.NET.IDS4.Tester.csproj", "{5947D98E-7BAB-4103-A49F-A79F36BAAABD}"
EndProject
Global
	GlobalSection(SolutionConfigurationPlatforms) = preSolution
		Debug|Any CPU = Debug|Any CPU
		Release|Any CPU = Release|Any CPU
	EndGlobalSection
	GlobalSection(ProjectConfigurationPlatforms) = postSolution
		{3B6B7011-9E0F-47E4-9BD7-5AB5DB898EA1}.Debug|Any CPU.ActiveCfg = Debug|Any CPU
		{3B6B7011-9E0F-47E4-9BD7-5AB5DB898EA1}.Debug|Any CPU.Build.0 = Debug|Any CPU
		{3B6B7011-9E0F-47E4-9BD7-5AB5DB898EA1}.Release|Any CPU.ActiveCfg = Release|Any CPU
		{3B6B7011-9E0F-47E4-9BD7-5AB5DB898EA1}.Release|Any CPU.Build.0 = Release|Any CPU
		{6C0B7E79-EEBD-41B6-8F77-D6D3600E197C}.Debug|Any CPU.ActiveCfg = Debug|Any CPU
		{6C0B7E79-EEBD-41B6-8F77-D6D3600E197C}.Debug|Any CPU.Build.0 = Debug|Any CPU
		{6C0B7E79-EEBD-41B6-8F77-D6D3600E197C}.Release|Any CPU.ActiveCfg = Release|Any CPU
		{6C0B7E79-EEBD-41B6-8F77-D6D3600E197C}.Release|Any CPU.Build.0 = Release|Any CPU
		{731394FF-FCF9-4465-98C3-AE8C913173D5}.Debug|Any CPU.ActiveCfg = Debug|Any CPU
		{731394FF-FCF9-4465-98C3-AE8C913173D5}.Debug|Any CPU.Build.0 = Debug|Any CPU
		{731394FF-FCF9-4465-98C3-AE8C913173D5}.Release|Any CPU.ActiveCfg = Release|Any CPU
		{731394FF-FCF9-4465-98C3-AE8C913173D5}.Release|Any CPU.Build.0 = Release|Any CPU
		{2F35218A-8C69-4F2C-9524-E5A4884A02D3}.Debug|Any CPU.ActiveCfg = Debug|Any CPU
		{2F35218A-8C69-4F2C-9524-E5A4884A02D3}.Debug|Any CPU.Build.0 = Debug|Any CPU
		{2F35218A-8C69-4F2C-9524-E5A4884A02D3}.Release|Any CPU.ActiveCfg = Release|Any CPU
		{2F35218A-8C69-4F2C-9524-E5A4884A02D3}.Release|Any CPU.Build.0 = Release|Any CPU
		{5947D98E-7BAB-4103-A49F-A79F36BAAABD}.Debug|Any CPU.ActiveCfg = Debug|Any CPU
		{5947D98E-7BAB-4103-A49F-A79F36BAAABD}.Debug|Any CPU.Build.0 = Debug|Any CPU
		{5947D98E-7BAB-4103-A49F-A79F36BAAABD}.Release|Any CPU.ActiveCfg = Release|Any CPU
		{5947D98E-7BAB-4103-A49F-A79F36BAAABD}.Release|Any CPU.Build.0 = Release|Any CPU
	EndGlobalSection
	GlobalSection(SolutionProperties) = preSolution
		HideSolutionNode = FALSE
	EndGlobalSection
	GlobalSection(ExtensibilityGlobals) = postSolution
		SolutionGuid = {FAE53986-27C7-4C79-AD28-3C6E50E3D4D4}
	EndGlobalSection
EndGlobal
