
Microsoft Visual Studio Solution File, Format Version 12.00
# Visual Studio Version 17
VisualStudioVersion = 17.0.31512.422
MinimumVisualStudioVersion = 10.0.40219.1
Project("{9A19103F-16F7-4668-BE54-9A1E7A4F7556}") = "Myxy.NET.WebApiClient", "src\Myxy.NET.WebApiClient\Myxy.NET.WebApiClient.csproj", "{E36BA23E-0341-49CB-A08A-0B70CDB169C8}"
EndProject
Project("{9A19103F-16F7-4668-BE54-9A1E7A4F7556}") = "Myxy.NET.ConsoleAppClient", "src\Myxy.NET.ConsoleAppClient\Myxy.NET.ConsoleAppClient.csproj", "{841C1FE7-4503-403C-A6ED-FFEB66675238}"
EndProject
Project("{2150E333-8FDC-42A3-9474-1A3956D46DE8}") = "02_Clients", "02_Clients", "{FAF0239D-8431-4BA6-8F33-252675B3DBC9}"
EndProject
Project("{2150E333-8FDC-42A3-9474-1A3956D46DE8}") = "01_Server", "01_Server", "{AE4CF123-1C40-4714-885F-040D432FE60D}"
EndProject
Project("{2150E333-8FDC-42A3-9474-1A3956D46DE8}") = "04_Tools", "04_Tools", "{36F7BA33-90C7-4727-8CA2-F06D475E0376}"
EndProject
Project("{2150E333-8FDC-42A3-9474-1A3956D46DE8}") = "Solution Items", "Solution Items", "{92CC9B7C-87D8-48BC-A407-226D744B125D}"
	ProjectSection(SolutionItems) = preProject
		README.md = README.md
	EndProjectSection
EndProject
Project("{9A19103F-16F7-4668-BE54-9A1E7A4F7556}") = "Myxy.NET.IDS4.Tester", "src\Myxy.NET.IDS4.Tester\Myxy.NET.IDS4.Tester.csproj", "{35E6CA75-FCFC-4A48-9529-57355089B940}"
EndProject
Project("{FAE04EC0-301F-11D3-BF4B-00C04F79EFBC}") = "Myxy.NET.IDS4", "src\Myxy.NET.IDS4\Myxy.NET.IDS4.csproj", "{55D80B64-6337-4571-BEAE-6A71115E1E81}"
EndProject
Project("{2150E333-8FDC-42A3-9474-1A3956D46DE8}") = "03_Portal", "03_Portal", "{1B80D3F2-56AF-4325-A961-9AA0A7A7C521}"
EndProject
Project("{FAE04EC0-301F-11D3-BF4B-00C04F79EFBC}") = "Myxy.NET.Portal", "src\Myxy.NET.Portal\Myxy.NET.Portal.csproj", "{3B6B7011-9E0F-47E4-9BD7-5AB5DB898EA1}"
EndProject
Global
	GlobalSection(SolutionConfigurationPlatforms) = preSolution
		Debug|Any CPU = Debug|Any CPU
		Release|Any CPU = Release|Any CPU
	EndGlobalSection
	GlobalSection(ProjectConfigurationPlatforms) = postSolution
		{E36BA23E-0341-49CB-A08A-0B70CDB169C8}.Debug|Any CPU.ActiveCfg = Debug|Any CPU
		{E36BA23E-0341-49CB-A08A-0B70CDB169C8}.Debug|Any CPU.Build.0 = Debug|Any CPU
		{E36BA23E-0341-49CB-A08A-0B70CDB169C8}.Release|Any CPU.ActiveCfg = Release|Any CPU
		{E36BA23E-0341-49CB-A08A-0B70CDB169C8}.Release|Any CPU.Build.0 = Release|Any CPU
		{841C1FE7-4503-403C-A6ED-FFEB66675238}.Debug|Any CPU.ActiveCfg = Debug|Any CPU
		{841C1FE7-4503-403C-A6ED-FFEB66675238}.Debug|Any CPU.Build.0 = Debug|Any CPU
		{841C1FE7-4503-403C-A6ED-FFEB66675238}.Release|Any CPU.ActiveCfg = Release|Any CPU
		{841C1FE7-4503-403C-A6ED-FFEB66675238}.Release|Any CPU.Build.0 = Release|Any CPU
		{35E6CA75-FCFC-4A48-9529-57355089B940}.Debug|Any CPU.ActiveCfg = Debug|Any CPU
		{35E6CA75-FCFC-4A48-9529-57355089B940}.Debug|Any CPU.Build.0 = Debug|Any CPU
		{35E6CA75-FCFC-4A48-9529-57355089B940}.Release|Any CPU.ActiveCfg = Release|Any CPU
		{35E6CA75-FCFC-4A48-9529-57355089B940}.Release|Any CPU.Build.0 = Release|Any CPU
		{55D80B64-6337-4571-BEAE-6A71115E1E81}.Debug|Any CPU.ActiveCfg = Debug|Any CPU
		{55D80B64-6337-4571-BEAE-6A71115E1E81}.Debug|Any CPU.Build.0 = Debug|Any CPU
		{55D80B64-6337-4571-BEAE-6A71115E1E81}.Release|Any CPU.ActiveCfg = Release|Any CPU
		{55D80B64-6337-4571-BEAE-6A71115E1E81}.Release|Any CPU.Build.0 = Release|Any CPU
		{3B6B7011-9E0F-47E4-9BD7-5AB5DB898EA1}.Debug|Any CPU.ActiveCfg = Debug|Any CPU
		{3B6B7011-9E0F-47E4-9BD7-5AB5DB898EA1}.Debug|Any CPU.Build.0 = Debug|Any CPU
		{3B6B7011-9E0F-47E4-9BD7-5AB5DB898EA1}.Release|Any CPU.ActiveCfg = Release|Any CPU
		{3B6B7011-9E0F-47E4-9BD7-5AB5DB898EA1}.Release|Any CPU.Build.0 = Release|Any CPU
	EndGlobalSection
	GlobalSection(SolutionProperties) = preSolution
		HideSolutionNode = FALSE
	EndGlobalSection
	GlobalSection(NestedProjects) = preSolution
		{E36BA23E-0341-49CB-A08A-0B70CDB169C8} = {FAF0239D-8431-4BA6-8F33-252675B3DBC9}
		{841C1FE7-4503-403C-A6ED-FFEB66675238} = {FAF0239D-8431-4BA6-8F33-252675B3DBC9}
		{35E6CA75-FCFC-4A48-9529-57355089B940} = {36F7BA33-90C7-4727-8CA2-F06D475E0376}
		{55D80B64-6337-4571-BEAE-6A71115E1E81} = {AE4CF123-1C40-4714-885F-040D432FE60D}
		{3B6B7011-9E0F-47E4-9BD7-5AB5DB898EA1} = {1B80D3F2-56AF-4325-A961-9AA0A7A7C521}
	EndGlobalSection
	GlobalSection(ExtensibilityGlobals) = postSolution
		SolutionGuid = {FAE53986-27C7-4C79-AD28-3C6E50E3D4D4}
	EndGlobalSection
EndGlobal
